
Microsoft Visual Studio Solution File, Format Version 12.00
# Visual Studio Version 17
VisualStudioVersion = 17.8.34525.116
MinimumVisualStudioVersion = 10.0.40219.1
Project("{9A19103F-16F7-4668-BE54-9A1E7A4F7556}") = "Entities", "Entities\Entities.csproj", "{A8557140-C6C7-4C6B-8A25-285599898CEF}"
EndProject
Project("{9A19103F-16F7-4668-BE54-9A1E7A4F7556}") = "DataAccess", "DataAccess\DataAccess.csproj", "{AC1B9EB1-4B2F-4535-921D-231CC4739842}"
EndProject
Project("{9A19103F-16F7-4668-BE54-9A1E7A4F7556}") = "Business", "Business\Business.csproj", "{64A22B49-E671-4690-A501-99BD959F492E}"
EndProject
Project("{9A19103F-16F7-4668-BE54-9A1E7A4F7556}") = "ConsoleUI", "ConsoleUI\ConsoleUI.csproj", "{5A570CCA-07E2-4C38-A669-26010AC7FEE9}"
EndProject
Project("{FAE04EC0-301F-11D3-BF4B-00C04F79EFBC}") = "Core", "Core\Core.csproj", "{B1F7E9A7-8A47-4462-BA11-C08A231FF876}"
EndProject
Global
	GlobalSection(SolutionConfigurationPlatforms) = preSolution
		Debug|Any CPU = Debug|Any CPU
		Release|Any CPU = Release|Any CPU
	EndGlobalSection
	GlobalSection(ProjectConfigurationPlatforms) = postSolution
		{A8557140-C6C7-4C6B-8A25-285599898CEF}.Debug|Any CPU.ActiveCfg = Debug|Any CPU
		{A8557140-C6C7-4C6B-8A25-285599898CEF}.Debug|Any CPU.Build.0 = Debug|Any CPU
		{A8557140-C6C7-4C6B-8A25-285599898CEF}.Release|Any CPU.ActiveCfg = Release|Any CPU
		{A8557140-C6C7-4C6B-8A25-285599898CEF}.Release|Any CPU.Build.0 = Release|Any CPU
		{AC1B9EB1-4B2F-4535-921D-231CC4739842}.Debug|Any CPU.ActiveCfg = Debug|Any CPU
		{AC1B9EB1-4B2F-4535-921D-231CC4739842}.Debug|Any CPU.Build.0 = Debug|Any CPU
		{AC1B9EB1-4B2F-4535-921D-231CC4739842}.Release|Any CPU.ActiveCfg = Release|Any CPU
		{AC1B9EB1-4B2F-4535-921D-231CC4739842}.Release|Any CPU.Build.0 = Release|Any CPU
		{64A22B49-E671-4690-A501-99BD959F492E}.Debug|Any CPU.ActiveCfg = Debug|Any CPU
		{64A22B49-E671-4690-A501-99BD959F492E}.Debug|Any CPU.Build.0 = Debug|Any CPU
		{64A22B49-E671-4690-A501-99BD959F492E}.Release|Any CPU.ActiveCfg = Release|Any CPU
		{64A22B49-E671-4690-A501-99BD959F492E}.Release|Any CPU.Build.0 = Release|Any CPU
		{5A570CCA-07E2-4C38-A669-26010AC7FEE9}.Debug|Any CPU.ActiveCfg = Debug|Any CPU
		{5A570CCA-07E2-4C38-A669-26010AC7FEE9}.Debug|Any CPU.Build.0 = Debug|Any CPU
		{5A570CCA-07E2-4C38-A669-26010AC7FEE9}.Release|Any CPU.ActiveCfg = Release|Any CPU
		{5A570CCA-07E2-4C38-A669-26010AC7FEE9}.Release|Any CPU.Build.0 = Release|Any CPU
		{B1F7E9A7-8A47-4462-BA11-C08A231FF876}.Debug|Any CPU.ActiveCfg = Debug|Any CPU
		{B1F7E9A7-8A47-4462-BA11-C08A231FF876}.Debug|Any CPU.Build.0 = Debug|Any CPU
		{B1F7E9A7-8A47-4462-BA11-C08A231FF876}.Release|Any CPU.ActiveCfg = Release|Any CPU
		{B1F7E9A7-8A47-4462-BA11-C08A231FF876}.Release|Any CPU.Build.0 = Release|Any CPU
	EndGlobalSection
	GlobalSection(SolutionProperties) = preSolution
		HideSolutionNode = FALSE
	EndGlobalSection
	GlobalSection(ExtensibilityGlobals) = postSolution
		SolutionGuid = {417B079B-165F-4E57-888A-366EE6854B9A}
	EndGlobalSection
EndGlobal
